// !$*UTF8*$!
{
	archiveVersion = 1;
	classes = {
	};
	objectVersion = 46;
	objects = {

/* Begin PBXAggregateTarget section */
		328DA0E410594F11003F0E1E /* Doxygen doc generation */ = {
			isa = PBXAggregateTarget;
			buildConfigurationList = 328DA0E710594F30003F0E1E /* Build configuration list for PBXAggregateTarget "Doxygen doc generation" */;
			buildPhases = (
				328DA0E310594F11003F0E1E /* ShellScript */,
			);
			dependencies = (
			);
			name = "Doxygen doc generation";
			productName = "Doxygen doc generation";
		};
/* End PBXAggregateTarget section */

/* Begin PBXBuildFile section */
		320950BF11BCE8D800A48677 /* amp_semaphore.h in Headers */ = {isa = PBXBuildFile; fileRef = 320950BE11BCE8D800A48677 /* amp_semaphore.h */; settings = {ATTRIBUTES = (Public, ); }; };
		320950C011BCE8D800A48677 /* amp_semaphore.h in Headers */ = {isa = PBXBuildFile; fileRef = 320950BE11BCE8D800A48677 /* amp_semaphore.h */; settings = {ATTRIBUTES = (Public, ); }; };
		320950C211BD210C00A48677 /* amp_semaphore_common.c in Sources */ = {isa = PBXBuildFile; fileRef = 320950C111BD210C00A48677 /* amp_semaphore_common.c */; };
		320950C311BD210C00A48677 /* amp_semaphore_common.c in Sources */ = {isa = PBXBuildFile; fileRef = 320950C111BD210C00A48677 /* amp_semaphore_common.c */; };
		3209722911BDB08000A48677 /* amp_semaphore_libdispatch.c in Sources */ = {isa = PBXBuildFile; fileRef = 32B9B63E10769507009B33E6 /* amp_semaphore_libdispatch.c */; };
		32100A4B10B85F2900971F59 /* amp_stddef_test.cpp in Sources */ = {isa = PBXBuildFile; fileRef = 32100A4A10B85F2900971F59 /* amp_stddef_test.cpp */; };
		3222353211C1468C004D25A0 /* amp_mutex.h in Headers */ = {isa = PBXBuildFile; fileRef = 3222353111C1468C004D25A0 /* amp_mutex.h */; settings = {ATTRIBUTES = (Public, ); }; };
		3222353311C1468C004D25A0 /* amp_mutex.h in Headers */ = {isa = PBXBuildFile; fileRef = 3222353111C1468C004D25A0 /* amp_mutex.h */; settings = {ATTRIBUTES = (Public, ); }; };
		3222353711C14B4C004D25A0 /* amp_mutex_common.c in Sources */ = {isa = PBXBuildFile; fileRef = 3222353511C14B4C004D25A0 /* amp_mutex_common.c */; };
		3222353911C14B4C004D25A0 /* amp_mutex_common.c in Sources */ = {isa = PBXBuildFile; fileRef = 3222353511C14B4C004D25A0 /* amp_mutex_common.c */; };
		3222357411C27283004D25A0 /* amp_condition_variable.h in Headers */ = {isa = PBXBuildFile; fileRef = 3222357311C27283004D25A0 /* amp_condition_variable.h */; };
		3222357511C27283004D25A0 /* amp_condition_variable.h in Headers */ = {isa = PBXBuildFile; fileRef = 3222357311C27283004D25A0 /* amp_condition_variable.h */; };
		3222357711C275EE004D25A0 /* amp_condition_variable_common.c in Sources */ = {isa = PBXBuildFile; fileRef = 3222357611C275EE004D25A0 /* amp_condition_variable_common.c */; };
		3222357811C275EE004D25A0 /* amp_condition_variable_common.c in Sources */ = {isa = PBXBuildFile; fileRef = 3222357611C275EE004D25A0 /* amp_condition_variable_common.c */; };
		3231EC9410BEE31200C61517 /* amp_thread_array.h in Headers */ = {isa = PBXBuildFile; fileRef = 3231EC9110BEE31200C61517 /* amp_thread_array.h */; settings = {ATTRIBUTES = (Public, ); }; };
		3231EC9510BEE31200C61517 /* amp_thread_array.c in Sources */ = {isa = PBXBuildFile; fileRef = 3231EC9210BEE31200C61517 /* amp_thread_array.c */; };
		3231EC9710BEE31200C61517 /* amp_thread_array.c in Sources */ = {isa = PBXBuildFile; fileRef = 3231EC9210BEE31200C61517 /* amp_thread_array.c */; };
		3231EC9E10BF178800C61517 /* amp_memory.h in Headers */ = {isa = PBXBuildFile; fileRef = 3231EC9C10BF178800C61517 /* amp_memory.h */; settings = {ATTRIBUTES = (Public, ); }; };
		3240BC7E11BA5F4600B56E29 /* amp_thread.h in Headers */ = {isa = PBXBuildFile; fileRef = 3240BC7D11BA5F4600B56E29 /* amp_thread.h */; settings = {ATTRIBUTES = (Public, ); }; };
		3240BC7F11BA5F4600B56E29 /* amp_thread.h in Headers */ = {isa = PBXBuildFile; fileRef = 3240BC7D11BA5F4600B56E29 /* amp_thread.h */; settings = {ATTRIBUTES = (Public, ); }; };
		3240BC9E11BA9CB700B56E29 /* amp_stdint.h in Headers */ = {isa = PBXBuildFile; fileRef = 3240BC9D11BA9CB700B56E29 /* amp_stdint.h */; settings = {ATTRIBUTES = (Public, ); }; };
		3240BC9F11BA9CB700B56E29 /* amp_stdint.h in Headers */ = {isa = PBXBuildFile; fileRef = 3240BC9D11BA9CB700B56E29 /* amp_stdint.h */; settings = {ATTRIBUTES = (Public, ); }; };
		3240DE9111BC036500B56E29 /* amp.h in Headers */ = {isa = PBXBuildFile; fileRef = 328D7F0C105921BE003F0E1E /* amp.h */; settings = {ATTRIBUTES = (Public, ); }; };
		3240DE9211BC036500B56E29 /* amp_raw.h in Headers */ = {isa = PBXBuildFile; fileRef = 328D7F1D105923CA003F0E1E /* amp_raw.h */; settings = {ATTRIBUTES = (Public, ); }; };
		3240DE9311BC036500B56E29 /* amp_memory.h in Headers */ = {isa = PBXBuildFile; fileRef = 3231EC9C10BF178800C61517 /* amp_memory.h */; settings = {ATTRIBUTES = (Public, ); }; };
		3240DE9411BC036500B56E29 /* amp_raw_platform.h in Headers */ = {isa = PBXBuildFile; fileRef = 3296B3CE1132F8A600B6664B /* amp_raw_platform.h */; settings = {ATTRIBUTES = (Public, ); }; };
		3240DE9511BC036500B56E29 /* amp_stddef.h in Headers */ = {isa = PBXBuildFile; fileRef = 325928991058711E00D5379D /* amp_stddef.h */; settings = {ATTRIBUTES = (Public, ); }; };
		3240DE9611BC036500B56E29 /* amp_thread_array.h in Headers */ = {isa = PBXBuildFile; fileRef = 3231EC9110BEE31200C61517 /* amp_thread_array.h */; settings = {ATTRIBUTES = (Public, ); }; };
		3240DE9711BC036500B56E29 /* amp_raw_condition_variable.h in Headers */ = {isa = PBXBuildFile; fileRef = 321EFA981070EBF000CC24FF /* amp_raw_condition_variable.h */; settings = {ATTRIBUTES = (Public, ); }; };
		3240DE9811BC036500B56E29 /* amp_raw_mutex.h in Headers */ = {isa = PBXBuildFile; fileRef = 3259289A1058711E00D5379D /* amp_raw_mutex.h */; settings = {ATTRIBUTES = (Public, ); }; };
		3240DE9911BC036500B56E29 /* amp_raw_semaphore.h in Headers */ = {isa = PBXBuildFile; fileRef = 3259289C1058711E00D5379D /* amp_raw_semaphore.h */; settings = {ATTRIBUTES = (Public, ); }; };
		3240DE9A11BC036500B56E29 /* amp_raw_thread.h in Headers */ = {isa = PBXBuildFile; fileRef = 3259289F1058711E00D5379D /* amp_raw_thread.h */; settings = {ATTRIBUTES = (Public, ); }; };
		3240DE9B11BC036500B56E29 /* amp_internal_thread.h in Headers */ = {isa = PBXBuildFile; fileRef = 3292F48110CECBEA005E9567 /* amp_internal_thread.h */; };
		3240DE9C11BC036500B56E29 /* amp_raw_thread_local_slot.h in Headers */ = {isa = PBXBuildFile; fileRef = 325928A01058711E00D5379D /* amp_raw_thread_local_slot.h */; settings = {ATTRIBUTES = (Public, ); }; };
		3240DE9D11BC036500B56E29 /* amp_raw_barrier.h in Headers */ = {isa = PBXBuildFile; fileRef = 32C86FD7119DD3A2007577DC /* amp_raw_barrier.h */; settings = {ATTRIBUTES = (Public, ); }; };
		325928C0105875B900D5379D /* unit_tests_main.cpp in Sources */ = {isa = PBXBuildFile; fileRef = 325928A81058713F00D5379D /* unit_tests_main.cpp */; };
		325928C1105875BA00D5379D /* amp_thread_test.cpp in Sources */ = {isa = PBXBuildFile; fileRef = 325928A91058714000D5379D /* amp_thread_test.cpp */; };
		325928C2105875BA00D5379D /* amp_raw_thread_local_slot_test.cpp in Sources */ = {isa = PBXBuildFile; fileRef = 325928AB1058714000D5379D /* amp_raw_thread_local_slot_test.cpp */; };
		325928C3105875BB00D5379D /* amp_semaphore_test.cpp in Sources */ = {isa = PBXBuildFile; fileRef = 325928AA1058714000D5379D /* amp_semaphore_test.cpp */; };
		325928C4105875BC00D5379D /* amp_mutex_test.cpp in Sources */ = {isa = PBXBuildFile; fileRef = 325928AC1058714000D5379D /* amp_mutex_test.cpp */; };
		325928CD105875DB00D5379D /* libUnitTest++.a in Frameworks */ = {isa = PBXBuildFile; fileRef = 325928CC105875DB00D5379D /* libUnitTest++.a */; };
		32746D4410BDBF2900534B9A /* amp_thread_array_test.cpp in Sources */ = {isa = PBXBuildFile; fileRef = 322409F410B46D170051F7D0 /* amp_thread_array_test.cpp */; };
		3284370310F6724A0085BDBE /* amp_thread_common.c in Sources */ = {isa = PBXBuildFile; fileRef = 3284370210F6724A0085BDBE /* amp_thread_common.c */; };
		3284370410F6724A0085BDBE /* amp_thread_common.c in Sources */ = {isa = PBXBuildFile; fileRef = 3284370210F6724A0085BDBE /* amp_thread_common.c */; };
		328709981147F69F00BC7B8F /* amp_raw_platform_common.c in Sources */ = {isa = PBXBuildFile; fileRef = 328709951147F69F00BC7B8F /* amp_raw_platform_common.c */; };
		328709991147F69F00BC7B8F /* amp_raw_platform_common.c in Sources */ = {isa = PBXBuildFile; fileRef = 328709951147F69F00BC7B8F /* amp_raw_platform_common.c */; };
		328709B41147FAD600BC7B8F /* amp_raw_platform_sysctl.c in Sources */ = {isa = PBXBuildFile; fileRef = 3296B3D11132FAAF00B6664B /* amp_raw_platform_sysctl.c */; };
		32870A471147FC6D00BC7B8F /* Foundation.framework in Frameworks */ = {isa = PBXBuildFile; fileRef = 32A4A1B911354B0B00D29CD2 /* Foundation.framework */; };
		3292F48310CECBEA005E9567 /* amp_internal_thread.h in Headers */ = {isa = PBXBuildFile; fileRef = 3292F48110CECBEA005E9567 /* amp_internal_thread.h */; };
		3296B3CF1132F8A600B6664B /* amp_raw_platform.h in Headers */ = {isa = PBXBuildFile; fileRef = 3296B3CE1132F8A600B6664B /* amp_raw_platform.h */; settings = {ATTRIBUTES = (Public, ); }; };
		3298F05511594F0700A976F2 /* amp_raw_platform_sysctl.c in Sources */ = {isa = PBXBuildFile; fileRef = 3296B3D11132FAAF00B6664B /* amp_raw_platform_sysctl.c */; };
		32A4A1741135493900D29CD2 /* amp.framework in Frameworks */ = {isa = PBXBuildFile; fileRef = 32C186CF109F33FB001852EE /* amp.framework */; };
		32A4A1831135495700D29CD2 /* amp_platform_check_main.cpp in Sources */ = {isa = PBXBuildFile; fileRef = 32A4A15F1135451300D29CD2 /* amp_platform_check_main.cpp */; };
		32C186D5109F341C001852EE /* amp_thread_pthreads.c in Sources */ = {isa = PBXBuildFile; fileRef = 325928A21058711E00D5379D /* amp_thread_pthreads.c */; };
		32C186D6109F341E001852EE /* amp_raw_thread_local_slot_pthreads.c in Sources */ = {isa = PBXBuildFile; fileRef = 325928A11058711E00D5379D /* amp_raw_thread_local_slot_pthreads.c */; };
		32C186D8109F342B001852EE /* amp_mutex_pthreads.c in Sources */ = {isa = PBXBuildFile; fileRef = 3259289B1058711E00D5379D /* amp_mutex_pthreads.c */; };
		32C186D9109F3431001852EE /* amp_condition_variable_pthreads.c in Sources */ = {isa = PBXBuildFile; fileRef = 321EFA991070EBF000CC24FF /* amp_condition_variable_pthreads.c */; };
		32C186DB109F346E001852EE /* amp_raw.h in Headers */ = {isa = PBXBuildFile; fileRef = 328D7F1D105923CA003F0E1E /* amp_raw.h */; settings = {ATTRIBUTES = (Public, ); }; };
		32C186DC109F346E001852EE /* amp_raw_condition_variable.h in Headers */ = {isa = PBXBuildFile; fileRef = 321EFA981070EBF000CC24FF /* amp_raw_condition_variable.h */; settings = {ATTRIBUTES = (Public, ); }; };
		32C186DD109F346E001852EE /* amp_raw_mutex.h in Headers */ = {isa = PBXBuildFile; fileRef = 3259289A1058711E00D5379D /* amp_raw_mutex.h */; settings = {ATTRIBUTES = (Public, ); }; };
		32C186DE109F346E001852EE /* amp_raw_semaphore.h in Headers */ = {isa = PBXBuildFile; fileRef = 3259289C1058711E00D5379D /* amp_raw_semaphore.h */; settings = {ATTRIBUTES = (Public, ); }; };
		32C186DF109F346E001852EE /* amp_raw_thread.h in Headers */ = {isa = PBXBuildFile; fileRef = 3259289F1058711E00D5379D /* amp_raw_thread.h */; settings = {ATTRIBUTES = (Public, ); }; };
		32C186E0109F346E001852EE /* amp_raw_thread_local_slot.h in Headers */ = {isa = PBXBuildFile; fileRef = 325928A01058711E00D5379D /* amp_raw_thread_local_slot.h */; settings = {ATTRIBUTES = (Public, ); }; };
		32C186E1109F346E001852EE /* amp_stddef.h in Headers */ = {isa = PBXBuildFile; fileRef = 325928991058711E00D5379D /* amp_stddef.h */; settings = {ATTRIBUTES = (Public, ); }; };
		32C186F5109F3F90001852EE /* amp.framework in Frameworks */ = {isa = PBXBuildFile; fileRef = 32C186CF109F33FB001852EE /* amp.framework */; };
		32C1883C10A18D83001852EE /* amp_condition_variable_pthreads.c in Sources */ = {isa = PBXBuildFile; fileRef = 321EFA991070EBF000CC24FF /* amp_condition_variable_pthreads.c */; };
		32C1883D10A18D87001852EE /* amp_mutex_pthreads.c in Sources */ = {isa = PBXBuildFile; fileRef = 3259289B1058711E00D5379D /* amp_mutex_pthreads.c */; };
		32C1883E10A18D8A001852EE /* amp_semaphore_libdispatch.c in Sources */ = {isa = PBXBuildFile; fileRef = 32B9B63E10769507009B33E6 /* amp_semaphore_libdispatch.c */; };
		32C1883F10A18D90001852EE /* amp_raw_thread_local_slot_pthreads.c in Sources */ = {isa = PBXBuildFile; fileRef = 325928A11058711E00D5379D /* amp_raw_thread_local_slot_pthreads.c */; };
		32C1884010A18D95001852EE /* amp_thread_pthreads.c in Sources */ = {isa = PBXBuildFile; fileRef = 325928A21058711E00D5379D /* amp_thread_pthreads.c */; };
		32C86FD8119DD3A2007577DC /* amp_raw_barrier.h in Headers */ = {isa = PBXBuildFile; fileRef = 32C86FD7119DD3A2007577DC /* amp_raw_barrier.h */; settings = {ATTRIBUTES = (Public, ); }; };
		32C86FDD119DD785007577DC /* amp_raw_barrier_generic_broadcast.c in Sources */ = {isa = PBXBuildFile; fileRef = 32C86FDB119DD785007577DC /* amp_raw_barrier_generic_broadcast.c */; };
		32C86FDF119DD785007577DC /* amp_raw_barrier_generic_broadcast.c in Sources */ = {isa = PBXBuildFile; fileRef = 32C86FDB119DD785007577DC /* amp_raw_barrier_generic_broadcast.c */; };
		32C86FF8119F34FA007577DC /* amp_raw_barrier_test.cpp in Sources */ = {isa = PBXBuildFile; fileRef = 32C86FF7119F34FA007577DC /* amp_raw_barrier_test.cpp */; };
		32D4A89710F927B100A8FBAC /* amp_memory.c in Sources */ = {isa = PBXBuildFile; fileRef = 3231EC9D10BF178800C61517 /* amp_memory.c */; };
		32D4A89A10F927FA00A8FBAC /* amp.h in Headers */ = {isa = PBXBuildFile; fileRef = 328D7F0C105921BE003F0E1E /* amp.h */; settings = {ATTRIBUTES = (Public, ); }; };
		32D4A89B10F9285800A8FBAC /* amp_memory.c in Sources */ = {isa = PBXBuildFile; fileRef = 3231EC9D10BF178800C61517 /* amp_memory.c */; };
		32E0D60A114C26D0000CFE70 /* amp_raw_platform_test.cpp in Sources */ = {isa = PBXBuildFile; fileRef = 32E0D609114C26D0000CFE70 /* amp_raw_platform_test.cpp */; };
		32F240E510713F88009ABE70 /* amp_condition_variable_test.cpp in Sources */ = {isa = PBXBuildFile; fileRef = 32F240E410713F88009ABE70 /* amp_condition_variable_test.cpp */; };
/* End PBXBuildFile section */

/* Begin PBXContainerItemProxy section */
		32A4A1701135491B00D29CD2 /* PBXContainerItemProxy */ = {
			isa = PBXContainerItemProxy;
			containerPortal = 08FB7793FE84155DC02AAC07 /* Project object */;
			proxyType = 1;
			remoteGlobalIDString = 32C186CE109F33FB001852EE;
			remoteInfo = amp_raw;
		};
		32C186F2109F3F77001852EE /* PBXContainerItemProxy */ = {
			isa = PBXContainerItemProxy;
			containerPortal = 08FB7793FE84155DC02AAC07 /* Project object */;
			proxyType = 1;
			remoteGlobalIDString = 32C186CE109F33FB001852EE;
			remoteInfo = amp_raw;
		};
/* End PBXContainerItemProxy section */

/* Begin PBXFileReference section */
		320950BE11BCE8D800A48677 /* amp_semaphore.h */ = {isa = PBXFileReference; fileEncoding = 4; lastKnownFileType = sourcecode.c.h; path = amp_semaphore.h; sourceTree = "<group>"; };
		320950C111BD210C00A48677 /* amp_semaphore_common.c */ = {isa = PBXFileReference; fileEncoding = 4; lastKnownFileType = sourcecode.c.c; path = amp_semaphore_common.c; sourceTree = "<group>"; };
		32100A4A10B85F2900971F59 /* amp_stddef_test.cpp */ = {isa = PBXFileReference; fileEncoding = 4; lastKnownFileType = sourcecode.cpp.cpp; path = amp_stddef_test.cpp; sourceTree = "<group>"; };
		321EFA981070EBF000CC24FF /* amp_raw_condition_variable.h */ = {isa = PBXFileReference; fileEncoding = 4; lastKnownFileType = sourcecode.c.h; name = amp_raw_condition_variable.h; path = ../../../src/c/amp/amp_raw_condition_variable.h; sourceTree = SOURCE_ROOT; };
		321EFA991070EBF000CC24FF /* amp_condition_variable_pthreads.c */ = {isa = PBXFileReference; fileEncoding = 4; lastKnownFileType = sourcecode.c.c; path = amp_condition_variable_pthreads.c; sourceTree = "<group>"; };
		321EFA9B1070EC1700CC24FF /* amp_condition_variable_winthreads.c */ = {isa = PBXFileReference; fileEncoding = 4; lastKnownFileType = sourcecode.c.c; path = amp_condition_variable_winthreads.c; sourceTree = "<group>"; };
		3222353111C1468C004D25A0 /* amp_mutex.h */ = {isa = PBXFileReference; fileEncoding = 4; lastKnownFileType = sourcecode.c.h; path = amp_mutex.h; sourceTree = "<group>"; };
		3222353511C14B4C004D25A0 /* amp_mutex_common.c */ = {isa = PBXFileReference; fileEncoding = 4; lastKnownFileType = sourcecode.c.c; path = amp_mutex_common.c; sourceTree = "<group>"; };
		3222357311C27283004D25A0 /* amp_condition_variable.h */ = {isa = PBXFileReference; fileEncoding = 4; lastKnownFileType = sourcecode.c.h; path = amp_condition_variable.h; sourceTree = "<group>"; };
		3222357611C275EE004D25A0 /* amp_condition_variable_common.c */ = {isa = PBXFileReference; fileEncoding = 4; lastKnownFileType = sourcecode.c.c; path = amp_condition_variable_common.c; sourceTree = "<group>"; };
		322409F410B46D170051F7D0 /* amp_thread_array_test.cpp */ = {isa = PBXFileReference; fileEncoding = 4; lastKnownFileType = sourcecode.cpp.cpp; path = amp_thread_array_test.cpp; sourceTree = "<group>"; };
		3231EC9110BEE31200C61517 /* amp_thread_array.h */ = {isa = PBXFileReference; fileEncoding = 4; lastKnownFileType = sourcecode.c.h; path = amp_thread_array.h; sourceTree = "<group>"; };
		3231EC9210BEE31200C61517 /* amp_thread_array.c */ = {isa = PBXFileReference; fileEncoding = 4; lastKnownFileType = sourcecode.c.c; path = amp_thread_array.c; sourceTree = "<group>"; };
		3231EC9C10BF178800C61517 /* amp_memory.h */ = {isa = PBXFileReference; fileEncoding = 4; lastKnownFileType = sourcecode.c.h; name = amp_memory.h; path = ../../../src/c/amp/amp_memory.h; sourceTree = SOURCE_ROOT; };
		3231EC9D10BF178800C61517 /* amp_memory.c */ = {isa = PBXFileReference; fileEncoding = 4; lastKnownFileType = sourcecode.c.c; name = amp_memory.c; path = ../../../src/c/amp/amp_memory.c; sourceTree = SOURCE_ROOT; };
		323FA9941079105C00BCD891 /* amp_internal_winthreads_critical_section_config.h */ = {isa = PBXFileReference; fileEncoding = 4; lastKnownFileType = sourcecode.c.h; name = amp_internal_winthreads_critical_section_config.h; path = ../../../src/c/amp/amp_internal_winthreads_critical_section_config.h; sourceTree = "<group>"; };
		3240BC7D11BA5F4600B56E29 /* amp_thread.h */ = {isa = PBXFileReference; fileEncoding = 4; lastKnownFileType = sourcecode.c.h; path = amp_thread.h; sourceTree = "<group>"; };
		3240BC9D11BA9CB700B56E29 /* amp_stdint.h */ = {isa = PBXFileReference; fileEncoding = 4; lastKnownFileType = sourcecode.c.h; path = amp_stdint.h; sourceTree = "<group>"; };
		3259288910586FE000D5379D /* COPYRIGHT.txt */ = {isa = PBXFileReference; fileEncoding = 4; lastKnownFileType = text; name = COPYRIGHT.txt; path = ../../../COPYRIGHT.txt; sourceTree = SOURCE_ROOT; };
		3259288A10586FE000D5379D /* README.markdown */ = {isa = PBXFileReference; fileEncoding = 4; lastKnownFileType = text; name = README.markdown; path = ../../../README.markdown; sourceTree = SOURCE_ROOT; };
		325928911058706E00D5379D /* UnitTest++.xcconfig */ = {isa = PBXFileReference; fileEncoding = 4; lastKnownFileType = text.xcconfig; path = "UnitTest++.xcconfig"; sourceTree = "<group>"; };
		325928921058706E00D5379D /* compiler_warnings.xcconfig */ = {isa = PBXFileReference; fileEncoding = 4; lastKnownFileType = text.xcconfig; path = compiler_warnings.xcconfig; sourceTree = "<group>"; };
		325928991058711E00D5379D /* amp_stddef.h */ = {isa = PBXFileReference; fileEncoding = 4; lastKnownFileType = sourcecode.c.h; name = amp_stddef.h; path = ../../../src/c/amp/amp_stddef.h; sourceTree = "<group>"; };
		3259289A1058711E00D5379D /* amp_raw_mutex.h */ = {isa = PBXFileReference; fileEncoding = 4; lastKnownFileType = sourcecode.c.h; name = amp_raw_mutex.h; path = ../../../src/c/amp/amp_raw_mutex.h; sourceTree = "<group>"; };
		3259289B1058711E00D5379D /* amp_mutex_pthreads.c */ = {isa = PBXFileReference; fileEncoding = 4; lastKnownFileType = sourcecode.c.c; path = amp_mutex_pthreads.c; sourceTree = "<group>"; };
		3259289C1058711E00D5379D /* amp_raw_semaphore.h */ = {isa = PBXFileReference; fileEncoding = 4; lastKnownFileType = sourcecode.c.h; name = amp_raw_semaphore.h; path = ../../../src/c/amp/amp_raw_semaphore.h; sourceTree = "<group>"; };
		3259289D1058711E00D5379D /* amp_semaphore_posix_1003_1b.c */ = {isa = PBXFileReference; fileEncoding = 4; lastKnownFileType = sourcecode.c.c; path = amp_semaphore_posix_1003_1b.c; sourceTree = "<group>"; };
		3259289E1058711E00D5379D /* amp_semaphore_pthreads.c */ = {isa = PBXFileReference; fileEncoding = 4; lastKnownFileType = sourcecode.c.c; path = amp_semaphore_pthreads.c; sourceTree = "<group>"; };
		3259289F1058711E00D5379D /* amp_raw_thread.h */ = {isa = PBXFileReference; fileEncoding = 4; lastKnownFileType = sourcecode.c.h; name = amp_raw_thread.h; path = ../../../src/c/amp/amp_raw_thread.h; sourceTree = "<group>"; };
		325928A01058711E00D5379D /* amp_raw_thread_local_slot.h */ = {isa = PBXFileReference; fileEncoding = 4; lastKnownFileType = sourcecode.c.h; name = amp_raw_thread_local_slot.h; path = ../../../src/c/amp/amp_raw_thread_local_slot.h; sourceTree = "<group>"; };
		325928A11058711E00D5379D /* amp_raw_thread_local_slot_pthreads.c */ = {isa = PBXFileReference; fileEncoding = 4; lastKnownFileType = sourcecode.c.c; name = amp_raw_thread_local_slot_pthreads.c; path = ../../../src/c/amp/amp_raw_thread_local_slot_pthreads.c; sourceTree = "<group>"; };
		325928A21058711E00D5379D /* amp_thread_pthreads.c */ = {isa = PBXFileReference; fileEncoding = 4; lastKnownFileType = sourcecode.c.c; path = amp_thread_pthreads.c; sourceTree = "<group>"; };
		325928A81058713F00D5379D /* unit_tests_main.cpp */ = {isa = PBXFileReference; fileEncoding = 4; lastKnownFileType = sourcecode.cpp.cpp; path = unit_tests_main.cpp; sourceTree = "<group>"; };
		325928A91058714000D5379D /* amp_thread_test.cpp */ = {isa = PBXFileReference; fileEncoding = 4; lastKnownFileType = sourcecode.cpp.cpp; path = amp_thread_test.cpp; sourceTree = "<group>"; };
		325928AA1058714000D5379D /* amp_semaphore_test.cpp */ = {isa = PBXFileReference; fileEncoding = 4; lastKnownFileType = sourcecode.cpp.cpp; path = amp_semaphore_test.cpp; sourceTree = "<group>"; };
		325928AB1058714000D5379D /* amp_raw_thread_local_slot_test.cpp */ = {isa = PBXFileReference; fileEncoding = 4; lastKnownFileType = sourcecode.cpp.cpp; path = amp_raw_thread_local_slot_test.cpp; sourceTree = "<group>"; };
		325928AC1058714000D5379D /* amp_mutex_test.cpp */ = {isa = PBXFileReference; fileEncoding = 4; lastKnownFileType = sourcecode.cpp.cpp; path = amp_mutex_test.cpp; sourceTree = "<group>"; };
		325928BB1058759300D5379D /* amp_unit_tests */ = {isa = PBXFileReference; explicitFileType = "compiled.mach-o.executable"; includeInIndex = 0; path = amp_unit_tests; sourceTree = BUILT_PRODUCTS_DIR; };
		325928CC105875DB00D5379D /* libUnitTest++.a */ = {isa = PBXFileReference; lastKnownFileType = archive.ar; name = "libUnitTest++.a"; path = "../../../../ForeignProjects/unittest-cpp/UnitTest++/libUnitTest++.a"; sourceTree = SOURCE_ROOT; };
		3284370210F6724A0085BDBE /* amp_thread_common.c */ = {isa = PBXFileReference; fileEncoding = 4; lastKnownFileType = sourcecode.c.c; path = amp_thread_common.c; sourceTree = "<group>"; };
		328709951147F69F00BC7B8F /* amp_raw_platform_common.c */ = {isa = PBXFileReference; fileEncoding = 4; lastKnownFileType = sourcecode.c.c; path = amp_raw_platform_common.c; sourceTree = "<group>"; };
		328885CB113458A3000AFA62 /* amp_raw_platform_gnuc.c */ = {isa = PBXFileReference; fileEncoding = 4; lastKnownFileType = sourcecode.c.c; path = amp_raw_platform_gnuc.c; sourceTree = "<group>"; };
		328885EE11348144000AFA62 /* amp_raw_platform_cocoa.m */ = {isa = PBXFileReference; fileEncoding = 4; lastKnownFileType = sourcecode.c.objc; path = amp_raw_platform_cocoa.m; sourceTree = "<group>"; };
		328D7F0C105921BE003F0E1E /* amp.h */ = {isa = PBXFileReference; fileEncoding = 4; lastKnownFileType = sourcecode.c.h; name = amp.h; path = ../../../src/c/amp/amp.h; sourceTree = SOURCE_ROOT; };
		328D7F1D105923CA003F0E1E /* amp_raw.h */ = {isa = PBXFileReference; fileEncoding = 4; lastKnownFileType = sourcecode.c.h; name = amp_raw.h; path = ../../../src/c/amp/amp_raw.h; sourceTree = SOURCE_ROOT; };
		328D7F5D105948C9003F0E1E /* Doxyfile */ = {isa = PBXFileReference; fileEncoding = 4; lastKnownFileType = text; path = Doxyfile; sourceTree = "<group>"; };
		328D7F5E105948C9003F0E1E /* special_doxygen_documentation.dox */ = {isa = PBXFileReference; fileEncoding = 4; lastKnownFileType = text; path = special_doxygen_documentation.dox; sourceTree = "<group>"; };
		328DA0EF10594F77003F0E1E /* how_to_publish_amp.txt */ = {isa = PBXFileReference; fileEncoding = 4; lastKnownFileType = text; path = how_to_publish_amp.txt; sourceTree = "<group>"; };
		328DA0F81059512D003F0E1E /* html */ = {isa = PBXFileReference; lastKnownFileType = folder; path = html; sourceTree = "<group>"; };
		3292F48110CECBEA005E9567 /* amp_internal_thread.h */ = {isa = PBXFileReference; fileEncoding = 4; lastKnownFileType = sourcecode.c.h; path = amp_internal_thread.h; sourceTree = "<group>"; };
		3296B3CE1132F8A600B6664B /* amp_raw_platform.h */ = {isa = PBXFileReference; fileEncoding = 4; lastKnownFileType = sourcecode.c.h; path = amp_raw_platform.h; sourceTree = "<group>"; };
		3296B3D11132FAAF00B6664B /* amp_raw_platform_sysctl.c */ = {isa = PBXFileReference; fileEncoding = 4; lastKnownFileType = sourcecode.c.c; path = amp_raw_platform_sysctl.c; sourceTree = "<group>"; };
		3296B3D51132FACE00B6664B /* amp_raw_platform_windows_min_host_sdk_win2000.c */ = {isa = PBXFileReference; fileEncoding = 4; lastKnownFileType = sourcecode.c.c; path = amp_raw_platform_windows_min_host_sdk_win2000.c; sourceTree = "<group>"; };
		3296B3D91132FAE000B6664B /* amp_raw_platform_sysconf.c */ = {isa = PBXFileReference; fileEncoding = 4; lastKnownFileType = sourcecode.c.c; path = amp_raw_platform_sysconf.c; sourceTree = "<group>"; };
		3296B3DA11333E5E00B6664B /* amp_raw_platform_unknown.c */ = {isa = PBXFileReference; fileEncoding = 4; lastKnownFileType = sourcecode.c.c; path = amp_raw_platform_unknown.c; sourceTree = "<group>"; };
		3298ACEE1150142E003385A4 /* amp_internal_platform_win_system_info.h */ = {isa = PBXFileReference; fileEncoding = 4; lastKnownFileType = sourcecode.c.h; path = amp_internal_platform_win_system_info.h; sourceTree = "<group>"; };
		3298ACEF1150142E003385A4 /* amp_internal_platform_win_system_info.c */ = {isa = PBXFileReference; fileEncoding = 4; lastKnownFileType = sourcecode.c.c; path = amp_internal_platform_win_system_info.c; sourceTree = "<group>"; };
		3298EFB61158D6CA00A976F2 /* amp_internal_platform_win_info.h */ = {isa = PBXFileReference; fileEncoding = 4; lastKnownFileType = sourcecode.c.h; path = amp_internal_platform_win_info.h; sourceTree = "<group>"; };
		3298EFC21158D85F00A976F2 /* amp_internal_platform_win_system_logical_processor_information.h */ = {isa = PBXFileReference; fileEncoding = 4; lastKnownFileType = sourcecode.c.h; path = amp_internal_platform_win_system_logical_processor_information.h; sourceTree = "<group>"; };
		3298EFC31158D85F00A976F2 /* amp_internal_platform_win_system_logical_processor_information.c */ = {isa = PBXFileReference; fileEncoding = 4; lastKnownFileType = sourcecode.c.c; path = amp_internal_platform_win_system_logical_processor_information.c; sourceTree = "<group>"; };
		32A2D6751064E43B001C4DE3 /* amp_thread_winthreads.c */ = {isa = PBXFileReference; fileEncoding = 4; lastKnownFileType = sourcecode.c.c; path = amp_thread_winthreads.c; sourceTree = "<group>"; };
		32A2D67A106512B3001C4DE3 /* amp_raw_thread_local_slot_winthreads.c */ = {isa = PBXFileReference; fileEncoding = 4; lastKnownFileType = sourcecode.c.c; name = amp_raw_thread_local_slot_winthreads.c; path = ../../../src/c/amp/amp_raw_thread_local_slot_winthreads.c; sourceTree = SOURCE_ROOT; };
		32A4A15F1135451300D29CD2 /* amp_platform_check_main.cpp */ = {isa = PBXFileReference; fileEncoding = 4; lastKnownFileType = sourcecode.cpp.cpp; path = amp_platform_check_main.cpp; sourceTree = "<group>"; };
		32A4A1651135487B00D29CD2 /* amp_platform_check.xcconfig */ = {isa = PBXFileReference; fileEncoding = 4; lastKnownFileType = text.xcconfig; path = amp_platform_check.xcconfig; sourceTree = "<group>"; };
		32A4A16B113548DC00D29CD2 /* amp_platform_check */ = {isa = PBXFileReference; explicitFileType = "compiled.mach-o.executable"; includeInIndex = 0; path = amp_platform_check; sourceTree = BUILT_PRODUCTS_DIR; };
		32A4A1B911354B0B00D29CD2 /* Foundation.framework */ = {isa = PBXFileReference; lastKnownFileType = wrapper.framework; name = Foundation.framework; path = System/Library/Frameworks/Foundation.framework; sourceTree = SDKROOT; };
		32A4A26B1135DD5A00D29CD2 /* amp_raw_platform_windows_min_host_sdk_winserver2003_or_winxp_sp3_or_winxp_pro_x64.c */ = {isa = PBXFileReference; fileEncoding = 4; lastKnownFileType = sourcecode.c.c; path = amp_raw_platform_windows_min_host_sdk_winserver2003_or_winxp_sp3_or_winxp_pro_x64.c; sourceTree = "<group>"; };
		32B9B63E10769507009B33E6 /* amp_semaphore_libdispatch.c */ = {isa = PBXFileReference; fileEncoding = 4; lastKnownFileType = sourcecode.c.c; path = amp_semaphore_libdispatch.c; sourceTree = "<group>"; };
		32B9B65410769ACB009B33E6 /* amp_condition_variable_winvista.c */ = {isa = PBXFileReference; fileEncoding = 4; lastKnownFileType = sourcecode.c.c; path = amp_condition_variable_winvista.c; sourceTree = "<group>"; };
		32C186AD109F30DE001852EE /* amp-Info.plist */ = {isa = PBXFileReference; lastKnownFileType = text.plist.xml; path = "amp-Info.plist"; sourceTree = "<group>"; };
		32C186CF109F33FB001852EE /* amp.framework */ = {isa = PBXFileReference; explicitFileType = wrapper.framework; includeInIndex = 0; path = amp.framework; sourceTree = BUILT_PRODUCTS_DIR; };
		32C186F0109F34C3001852EE /* amp_framework.xcconfig */ = {isa = PBXFileReference; fileEncoding = 4; lastKnownFileType = text.xcconfig; path = amp_framework.xcconfig; sourceTree = "<group>"; };
		32C1870B109F46DC001852EE /* amp_static_library.xcconfig */ = {isa = PBXFileReference; fileEncoding = 4; lastKnownFileType = text.xcconfig; path = amp_static_library.xcconfig; sourceTree = "<group>"; };
		32C1883710A18D1D001852EE /* libamp.a */ = {isa = PBXFileReference; explicitFileType = archive.ar; includeInIndex = 0; path = libamp.a; sourceTree = BUILT_PRODUCTS_DIR; };
		32C86FD7119DD3A2007577DC /* amp_raw_barrier.h */ = {isa = PBXFileReference; fileEncoding = 4; lastKnownFileType = sourcecode.c.h; path = amp_raw_barrier.h; sourceTree = "<group>"; };
		32C86FDB119DD785007577DC /* amp_raw_barrier_generic_broadcast.c */ = {isa = PBXFileReference; fileEncoding = 4; lastKnownFileType = sourcecode.c.c; path = amp_raw_barrier_generic_broadcast.c; sourceTree = "<group>"; };
		32C86FF4119F0540007577DC /* amp_raw_barrier_generic_signal.c */ = {isa = PBXFileReference; fileEncoding = 4; lastKnownFileType = sourcecode.c.c; path = amp_raw_barrier_generic_signal.c; sourceTree = "<group>"; };
		32C86FF7119F34FA007577DC /* amp_raw_barrier_test.cpp */ = {isa = PBXFileReference; fileEncoding = 4; lastKnownFileType = sourcecode.cpp.cpp; path = amp_raw_barrier_test.cpp; sourceTree = "<group>"; };
		32E0D609114C26D0000CFE70 /* amp_raw_platform_test.cpp */ = {isa = PBXFileReference; fileEncoding = 4; lastKnownFileType = sourcecode.cpp.cpp; path = amp_raw_platform_test.cpp; sourceTree = "<group>"; };
		32F240E410713F88009ABE70 /* amp_condition_variable_test.cpp */ = {isa = PBXFileReference; fileEncoding = 4; lastKnownFileType = sourcecode.cpp.cpp; path = amp_condition_variable_test.cpp; sourceTree = "<group>"; };
		32F60DE810623C1E00CA43D5 /* amp_mutex_winthreads.c */ = {isa = PBXFileReference; fileEncoding = 4; lastKnownFileType = sourcecode.c.c; path = amp_mutex_winthreads.c; sourceTree = "<group>"; };
		32F60DF21062910E00CA43D5 /* amp_semaphore_winthreads.c */ = {isa = PBXFileReference; fileEncoding = 4; lastKnownFileType = sourcecode.c.c; path = amp_semaphore_winthreads.c; sourceTree = "<group>"; };
		32FB64971088B95000CA3E06 /* amp_unit_tests.xcconfig */ = {isa = PBXFileReference; fileEncoding = 4; lastKnownFileType = text.xcconfig; path = amp_unit_tests.xcconfig; sourceTree = "<group>"; };
		32FB64991088B9AA00CA3E06 /* amp.xcconfig */ = {isa = PBXFileReference; fileEncoding = 4; lastKnownFileType = text.xcconfig; path = amp.xcconfig; sourceTree = "<group>"; };
		C6A0FF2C0290799A04C91782 /* amp.1 */ = {isa = PBXFileReference; lastKnownFileType = text.man; path = amp.1; sourceTree = "<group>"; };
/* End PBXFileReference section */

/* Begin PBXFrameworksBuildPhase section */
		325928B91058759300D5379D /* Frameworks */ = {
			isa = PBXFrameworksBuildPhase;
			buildActionMask = 2147483647;
			files = (
				32C186F5109F3F90001852EE /* amp.framework in Frameworks */,
				325928CD105875DB00D5379D /* libUnitTest++.a in Frameworks */,
			);
			runOnlyForDeploymentPostprocessing = 0;
		};
		32A4A169113548DC00D29CD2 /* Frameworks */ = {
			isa = PBXFrameworksBuildPhase;
			buildActionMask = 2147483647;
			files = (
				32A4A1741135493900D29CD2 /* amp.framework in Frameworks */,
			);
			runOnlyForDeploymentPostprocessing = 0;
		};
		32C186CD109F33FB001852EE /* Frameworks */ = {
			isa = PBXFrameworksBuildPhase;
			buildActionMask = 2147483647;
			files = (
				32870A471147FC6D00BC7B8F /* Foundation.framework in Frameworks */,
			);
			runOnlyForDeploymentPostprocessing = 0;
		};
		32C1883510A18D1D001852EE /* Frameworks */ = {
			isa = PBXFrameworksBuildPhase;
			buildActionMask = 2147483647;
			files = (
			);
			runOnlyForDeploymentPostprocessing = 0;
		};
/* End PBXFrameworksBuildPhase section */

/* Begin PBXGroup section */
		08FB7794FE84155DC02AAC07 /* amp */ = {
			isa = PBXGroup;
			children = (
				08FB7795FE84155DC02AAC07 /* Source */,
				C6A0FF2B0290797F04C91782 /* Documentation */,
				3259288F1058704600D5379D /* Xcode specific */,
				3259288E1058702400D5379D /* External Frameworks and Libraries */,
				1AB674ADFE9D54B511CA2CBB /* Products */,
			);
			name = amp;
			sourceTree = "<group>";
		};
		08FB7795FE84155DC02AAC07 /* Source */ = {
			isa = PBXGroup;
			children = (
				3292F49810CEE1EE005E9567 /* src */,
				32592898105870BC00D5379D /* test */,
			);
			name = Source;
			sourceTree = "<group>";
		};
		1AB674ADFE9D54B511CA2CBB /* Products */ = {
			isa = PBXGroup;
			children = (
				32C186CF109F33FB001852EE /* amp.framework */,
				325928BB1058759300D5379D /* amp_unit_tests */,
				32C1883710A18D1D001852EE /* libamp.a */,
				32A4A16B113548DC00D29CD2 /* amp_platform_check */,
			);
			name = Products;
			sourceTree = "<group>";
		};
		3259288B1058700600D5379D /* doc */ = {
			isa = PBXGroup;
			children = (
				328DA0F81059512D003F0E1E /* html */,
				3259288C1058700600D5379D /* doxygen */,
				3259288D1058700600D5379D /* notes */,
			);
			name = doc;
			path = ../../../doc;
			sourceTree = SOURCE_ROOT;
		};
		3259288C1058700600D5379D /* doxygen */ = {
			isa = PBXGroup;
			children = (
				328D7F5D105948C9003F0E1E /* Doxyfile */,
				328D7F5E105948C9003F0E1E /* special_doxygen_documentation.dox */,
			);
			path = doxygen;
			sourceTree = "<group>";
		};
		3259288D1058700600D5379D /* notes */ = {
			isa = PBXGroup;
			children = (
				328DA0EF10594F77003F0E1E /* how_to_publish_amp.txt */,
			);
			path = notes;
			sourceTree = "<group>";
		};
		3259288E1058702400D5379D /* External Frameworks and Libraries */ = {
			isa = PBXGroup;
			children = (
				32A4A1B911354B0B00D29CD2 /* Foundation.framework */,
				325928CC105875DB00D5379D /* libUnitTest++.a */,
			);
			name = "External Frameworks and Libraries";
			sourceTree = "<group>";
		};
		3259288F1058704600D5379D /* Xcode specific */ = {
			isa = PBXGroup;
			children = (
				32C186AD109F30DE001852EE /* amp-Info.plist */,
				325928901058705A00D5379D /* Configuration files */,
			);
			name = "Xcode specific";
			sourceTree = "<group>";
		};
		325928901058705A00D5379D /* Configuration files */ = {
			isa = PBXGroup;
			children = (
				325928911058706E00D5379D /* UnitTest++.xcconfig */,
				325928921058706E00D5379D /* compiler_warnings.xcconfig */,
				32FB64991088B9AA00CA3E06 /* amp.xcconfig */,
				32FB64971088B95000CA3E06 /* amp_unit_tests.xcconfig */,
				32C186F0109F34C3001852EE /* amp_framework.xcconfig */,
				32C1870B109F46DC001852EE /* amp_static_library.xcconfig */,
				32A4A1651135487B00D29CD2 /* amp_platform_check.xcconfig */,
			);
			name = "Configuration files";
			sourceTree = "<group>";
		};
		32592898105870BC00D5379D /* test */ = {
			isa = PBXGroup;
			children = (
				325928A81058713F00D5379D /* unit_tests_main.cpp */,
				32F240E410713F88009ABE70 /* amp_condition_variable_test.cpp */,
				325928AC1058714000D5379D /* amp_mutex_test.cpp */,
				325928AA1058714000D5379D /* amp_semaphore_test.cpp */,
				325928AB1058714000D5379D /* amp_raw_thread_local_slot_test.cpp */,
				325928A91058714000D5379D /* amp_thread_test.cpp */,
				322409F410B46D170051F7D0 /* amp_thread_array_test.cpp */,
				32100A4A10B85F2900971F59 /* amp_stddef_test.cpp */,
				32E0D609114C26D0000CFE70 /* amp_raw_platform_test.cpp */,
				32C86FF7119F34FA007577DC /* amp_raw_barrier_test.cpp */,
			);
			name = test;
			path = ../../../test;
			sourceTree = SOURCE_ROOT;
		};
		3292F49810CEE1EE005E9567 /* src */ = {
			isa = PBXGroup;
			children = (
				3292F49A10CEE214005E9567 /* cpp */,
				3292F49910CEE20C005E9567 /* c */,
			);
			name = src;
			path = ../../../src;
			sourceTree = "<group>";
		};
		3292F49910CEE20C005E9567 /* c */ = {
			isa = PBXGroup;
			children = (
				3292F49B10CEE21A005E9567 /* amp */,
			);
			path = c;
			sourceTree = "<group>";
		};
		3292F49A10CEE214005E9567 /* cpp */ = {
			isa = PBXGroup;
			children = (
				32A4A151113544B300D29CD2 /* amp_platform_check */,
				3292F4B010CEE2A0005E9567 /* amp */,
			);
			name = cpp;
			sourceTree = "<group>";
		};
		3292F49B10CEE21A005E9567 /* amp */ = {
			isa = PBXGroup;
			children = (
				328D7F0C105921BE003F0E1E /* amp.h */,
				328D7F1D105923CA003F0E1E /* amp_raw.h */,
				3231EC9C10BF178800C61517 /* amp_memory.h */,
				3231EC9D10BF178800C61517 /* amp_memory.c */,
				3296B3CE1132F8A600B6664B /* amp_raw_platform.h */,
				328709951147F69F00BC7B8F /* amp_raw_platform_common.c */,
				3296B3D91132FAE000B6664B /* amp_raw_platform_sysconf.c */,
				328885CB113458A3000AFA62 /* amp_raw_platform_gnuc.c */,
				3296B3D11132FAAF00B6664B /* amp_raw_platform_sysctl.c */,
				328885EE11348144000AFA62 /* amp_raw_platform_cocoa.m */,
				3296B3D51132FACE00B6664B /* amp_raw_platform_windows_min_host_sdk_win2000.c */,
				32A4A26B1135DD5A00D29CD2 /* amp_raw_platform_windows_min_host_sdk_winserver2003_or_winxp_sp3_or_winxp_pro_x64.c */,
				3298EFB61158D6CA00A976F2 /* amp_internal_platform_win_info.h */,
				3298ACEE1150142E003385A4 /* amp_internal_platform_win_system_info.h */,
				3298ACEF1150142E003385A4 /* amp_internal_platform_win_system_info.c */,
				3298EFC21158D85F00A976F2 /* amp_internal_platform_win_system_logical_processor_information.h */,
				3298EFC31158D85F00A976F2 /* amp_internal_platform_win_system_logical_processor_information.c */,
				3296B3DA11333E5E00B6664B /* amp_raw_platform_unknown.c */,
				325928991058711E00D5379D /* amp_stddef.h */,
				3240BC9D11BA9CB700B56E29 /* amp_stdint.h */,
				3222357311C27283004D25A0 /* amp_condition_variable.h */,
				321EFA981070EBF000CC24FF /* amp_raw_condition_variable.h */,
				323FA9941079105C00BCD891 /* amp_internal_winthreads_critical_section_config.h */,
				3222357611C275EE004D25A0 /* amp_condition_variable_common.c */,
				321EFA991070EBF000CC24FF /* amp_condition_variable_pthreads.c */,
				321EFA9B1070EC1700CC24FF /* amp_condition_variable_winthreads.c */,
				32B9B65410769ACB009B33E6 /* amp_condition_variable_winvista.c */,
				3222353111C1468C004D25A0 /* amp_mutex.h */,
				3259289A1058711E00D5379D /* amp_raw_mutex.h */,
				3222353511C14B4C004D25A0 /* amp_mutex_common.c */,
				3259289B1058711E00D5379D /* amp_mutex_pthreads.c */,
				32F60DE810623C1E00CA43D5 /* amp_mutex_winthreads.c */,
				320950BE11BCE8D800A48677 /* amp_semaphore.h */,
				3259289C1058711E00D5379D /* amp_raw_semaphore.h */,
				320950C111BD210C00A48677 /* amp_semaphore_common.c */,
				32B9B63E10769507009B33E6 /* amp_semaphore_libdispatch.c */,
				3259289D1058711E00D5379D /* amp_semaphore_posix_1003_1b.c */,
				3259289E1058711E00D5379D /* amp_semaphore_pthreads.c */,
				32F60DF21062910E00CA43D5 /* amp_semaphore_winthreads.c */,
				3240BC7D11BA5F4600B56E29 /* amp_thread.h */,
				3259289F1058711E00D5379D /* amp_raw_thread.h */,
				3292F48110CECBEA005E9567 /* amp_internal_thread.h */,
				3284370210F6724A0085BDBE /* amp_thread_common.c */,
				325928A21058711E00D5379D /* amp_thread_pthreads.c */,
				32A2D6751064E43B001C4DE3 /* amp_thread_winthreads.c */,
				3231EC9110BEE31200C61517 /* amp_thread_array.h */,
				3231EC9210BEE31200C61517 /* amp_thread_array.c */,
				325928A01058711E00D5379D /* amp_raw_thread_local_slot.h */,
				325928A11058711E00D5379D /* amp_raw_thread_local_slot_pthreads.c */,
				32A2D67A106512B3001C4DE3 /* amp_raw_thread_local_slot_winthreads.c */,
				32C86FD7119DD3A2007577DC /* amp_raw_barrier.h */,
				32C86FDB119DD785007577DC /* amp_raw_barrier_generic_broadcast.c */,
				32C86FF4119F0540007577DC /* amp_raw_barrier_generic_signal.c */,
			);
			path = amp;
			sourceTree = "<group>";
		};
		3292F4B010CEE2A0005E9567 /* amp */ = {
			isa = PBXGroup;
			children = (
			);
			name = amp;
			path = cpp/amp;
			sourceTree = "<group>";
		};
		32A4A151113544B300D29CD2 /* amp_platform_check */ = {
			isa = PBXGroup;
			children = (
				32A4A15F1135451300D29CD2 /* amp_platform_check_main.cpp */,
			);
			name = amp_platform_check;
			path = cpp/amp_platform_check;
			sourceTree = "<group>";
		};
		C6A0FF2B0290797F04C91782 /* Documentation */ = {
			isa = PBXGroup;
			children = (
				3259288B1058700600D5379D /* doc */,
				3259288910586FE000D5379D /* COPYRIGHT.txt */,
				3259288A10586FE000D5379D /* README.markdown */,
				C6A0FF2C0290799A04C91782 /* amp.1 */,
			);
			name = Documentation;
			sourceTree = "<group>";
		};
/* End PBXGroup section */

/* Begin PBXHeadersBuildPhase section */
		32C186CA109F33FB001852EE /* Headers */ = {
			isa = PBXHeadersBuildPhase;
			buildActionMask = 2147483647;
			files = (
				32C186DB109F346E001852EE /* amp_raw.h in Headers */,
				32C186DC109F346E001852EE /* amp_raw_condition_variable.h in Headers */,
				32C186DD109F346E001852EE /* amp_raw_mutex.h in Headers */,
				32C186DE109F346E001852EE /* amp_raw_semaphore.h in Headers */,
				32C186DF109F346E001852EE /* amp_raw_thread.h in Headers */,
				32C186E0109F346E001852EE /* amp_raw_thread_local_slot.h in Headers */,
				32C186E1109F346E001852EE /* amp_stddef.h in Headers */,
				3231EC9410BEE31200C61517 /* amp_thread_array.h in Headers */,
				3231EC9E10BF178800C61517 /* amp_memory.h in Headers */,
				3292F48310CECBEA005E9567 /* amp_internal_thread.h in Headers */,
				32D4A89A10F927FA00A8FBAC /* amp.h in Headers */,
				3296B3CF1132F8A600B6664B /* amp_raw_platform.h in Headers */,
				32C86FD8119DD3A2007577DC /* amp_raw_barrier.h in Headers */,
				3240BC7E11BA5F4600B56E29 /* amp_thread.h in Headers */,
				3240BC9E11BA9CB700B56E29 /* amp_stdint.h in Headers */,
				320950BF11BCE8D800A48677 /* amp_semaphore.h in Headers */,
				3222353211C1468C004D25A0 /* amp_mutex.h in Headers */,
				3222357411C27283004D25A0 /* amp_condition_variable.h in Headers */,
			);
			runOnlyForDeploymentPostprocessing = 0;
		};
		32C1883310A18D1D001852EE /* Headers */ = {
			isa = PBXHeadersBuildPhase;
			buildActionMask = 2147483647;
			files = (
				3240DE9111BC036500B56E29 /* amp.h in Headers */,
				3240DE9211BC036500B56E29 /* amp_raw.h in Headers */,
				3240DE9311BC036500B56E29 /* amp_memory.h in Headers */,
				3240DE9411BC036500B56E29 /* amp_raw_platform.h in Headers */,
				3240DE9511BC036500B56E29 /* amp_stddef.h in Headers */,
				3240BC9F11BA9CB700B56E29 /* amp_stdint.h in Headers */,
				3240DE9611BC036500B56E29 /* amp_thread_array.h in Headers */,
				3240DE9711BC036500B56E29 /* amp_raw_condition_variable.h in Headers */,
				3240DE9811BC036500B56E29 /* amp_raw_mutex.h in Headers */,
				3240DE9911BC036500B56E29 /* amp_raw_semaphore.h in Headers */,
				3240BC7F11BA5F4600B56E29 /* amp_thread.h in Headers */,
				3240DE9A11BC036500B56E29 /* amp_raw_thread.h in Headers */,
				3240DE9B11BC036500B56E29 /* amp_internal_thread.h in Headers */,
				3240DE9C11BC036500B56E29 /* amp_raw_thread_local_slot.h in Headers */,
				3240DE9D11BC036500B56E29 /* amp_raw_barrier.h in Headers */,
				320950C011BCE8D800A48677 /* amp_semaphore.h in Headers */,
				3222353311C1468C004D25A0 /* amp_mutex.h in Headers */,
				3222357511C27283004D25A0 /* amp_condition_variable.h in Headers */,
			);
			runOnlyForDeploymentPostprocessing = 0;
		};
/* End PBXHeadersBuildPhase section */

/* Begin PBXNativeTarget section */
		325928BA1058759300D5379D /* amp_unit_tests */ = {
			isa = PBXNativeTarget;
			buildConfigurationList = 325928BF105875A600D5379D /* Build configuration list for PBXNativeTarget "amp_unit_tests" */;
			buildPhases = (
				325928B81058759300D5379D /* Sources */,
				325928B91058759300D5379D /* Frameworks */,
			);
			buildRules = (
			);
			dependencies = (
				32C186F3109F3F77001852EE /* PBXTargetDependency */,
			);
			name = amp_unit_tests;
			productName = amp_unit_tests;
			productReference = 325928BB1058759300D5379D /* amp_unit_tests */;
			productType = "com.apple.product-type.tool";
		};
		32A4A16A113548DC00D29CD2 /* amp_platform_check */ = {
			isa = PBXNativeTarget;
			buildConfigurationList = 32A4A16F1135491200D29CD2 /* Build configuration list for PBXNativeTarget "amp_platform_check" */;
			buildPhases = (
				32A4A168113548DC00D29CD2 /* Sources */,
				32A4A169113548DC00D29CD2 /* Frameworks */,
			);
			buildRules = (
			);
			dependencies = (
				32A4A1711135491B00D29CD2 /* PBXTargetDependency */,
			);
			name = amp_platform_check;
			productName = amp_platform_check;
			productReference = 32A4A16B113548DC00D29CD2 /* amp_platform_check */;
			productType = "com.apple.product-type.tool";
		};
		32C186CE109F33FB001852EE /* amp_framework */ = {
			isa = PBXNativeTarget;
			buildConfigurationList = 32C186D3109F33FD001852EE /* Build configuration list for PBXNativeTarget "amp_framework" */;
			buildPhases = (
				32C186CA109F33FB001852EE /* Headers */,
				32C186CB109F33FB001852EE /* Resources */,
				32C186CC109F33FB001852EE /* Sources */,
				32C186CD109F33FB001852EE /* Frameworks */,
			);
			buildRules = (
			);
			dependencies = (
			);
			name = amp_framework;
			productName = amp_raw;
			productReference = 32C186CF109F33FB001852EE /* amp.framework */;
			productType = "com.apple.product-type.framework";
		};
		32C1883610A18D1D001852EE /* amp_static_library */ = {
			isa = PBXNativeTarget;
			buildConfigurationList = 32C1883A10A18D2C001852EE /* Build configuration list for PBXNativeTarget "amp_static_library" */;
			buildPhases = (
				32C1883310A18D1D001852EE /* Headers */,
				32C1883410A18D1D001852EE /* Sources */,
				32C1883510A18D1D001852EE /* Frameworks */,
			);
			buildRules = (
			);
			dependencies = (
			);
			name = amp_static_library;
			productName = amp_static_library;
			productReference = 32C1883710A18D1D001852EE /* libamp.a */;
			productType = "com.apple.product-type.library.static";
		};
/* End PBXNativeTarget section */

/* Begin PBXProject section */
		08FB7793FE84155DC02AAC07 /* Project object */ = {
			isa = PBXProject;
			attributes = {
				ORGANIZATIONNAME = "Bjoern Knafla Parallelization + AI + Gamedev Consulting";
			};
			buildConfigurationList = 1DEB928908733DD80010E9CD /* Build configuration list for PBXProject "amp" */;
			compatibilityVersion = "Xcode 3.2";
			hasScannedForEncodings = 1;
			mainGroup = 08FB7794FE84155DC02AAC07 /* amp */;
			projectDirPath = "";
			projectRoot = "";
			targets = (
				32C186CE109F33FB001852EE /* amp_framework */,
				325928BA1058759300D5379D /* amp_unit_tests */,
				328DA0E410594F11003F0E1E /* Doxygen doc generation */,
				32C1883610A18D1D001852EE /* amp_static_library */,
				32A4A16A113548DC00D29CD2 /* amp_platform_check */,
			);
		};
/* End PBXProject section */

/* Begin PBXResourcesBuildPhase section */
		32C186CB109F33FB001852EE /* Resources */ = {
			isa = PBXResourcesBuildPhase;
			buildActionMask = 2147483647;
			files = (
			);
			runOnlyForDeploymentPostprocessing = 0;
		};
/* End PBXResourcesBuildPhase section */

/* Begin PBXShellScriptBuildPhase section */
		328DA0E310594F11003F0E1E /* ShellScript */ = {
			isa = PBXShellScriptBuildPhase;
			buildActionMask = 2147483647;
			files = (
			);
			inputPaths = (
			);
			outputPaths = (
			);
			runOnlyForDeploymentPostprocessing = 0;
			shellPath = /bin/sh;
			shellScript = "# shell script goes here\n# Change to project root directory\ncd ${SRCROOT}/../../../\n# Run Doxygen from the project root to enable relative paths in the Doxyfile\ndoxygen doc/doxygen/Doxyfile\nexit 0";
		};
/* End PBXShellScriptBuildPhase section */

/* Begin PBXSourcesBuildPhase section */
		325928B81058759300D5379D /* Sources */ = {
			isa = PBXSourcesBuildPhase;
			buildActionMask = 2147483647;
			files = (
				325928C0105875B900D5379D /* unit_tests_main.cpp in Sources */,
				325928C1105875BA00D5379D /* amp_thread_test.cpp in Sources */,
				325928C2105875BA00D5379D /* amp_raw_thread_local_slot_test.cpp in Sources */,
				325928C3105875BB00D5379D /* amp_semaphore_test.cpp in Sources */,
				325928C4105875BC00D5379D /* amp_mutex_test.cpp in Sources */,
				32F240E510713F88009ABE70 /* amp_condition_variable_test.cpp in Sources */,
				32100A4B10B85F2900971F59 /* amp_stddef_test.cpp in Sources */,
				32746D4410BDBF2900534B9A /* amp_thread_array_test.cpp in Sources */,
				32E0D60A114C26D0000CFE70 /* amp_raw_platform_test.cpp in Sources */,
				32C86FF8119F34FA007577DC /* amp_raw_barrier_test.cpp in Sources */,
			);
			runOnlyForDeploymentPostprocessing = 0;
		};
		32A4A168113548DC00D29CD2 /* Sources */ = {
			isa = PBXSourcesBuildPhase;
			buildActionMask = 2147483647;
			files = (
				32A4A1831135495700D29CD2 /* amp_platform_check_main.cpp in Sources */,
			);
			runOnlyForDeploymentPostprocessing = 0;
		};
		32C186CC109F33FB001852EE /* Sources */ = {
			isa = PBXSourcesBuildPhase;
			buildActionMask = 2147483647;
			files = (
				32C186D5109F341C001852EE /* amp_thread_pthreads.c in Sources */,
				32C186D6109F341E001852EE /* amp_raw_thread_local_slot_pthreads.c in Sources */,
				32C186D8109F342B001852EE /* amp_mutex_pthreads.c in Sources */,
				32C186D9109F3431001852EE /* amp_condition_variable_pthreads.c in Sources */,
				3231EC9510BEE31200C61517 /* amp_thread_array.c in Sources */,
				3284370310F6724A0085BDBE /* amp_thread_common.c in Sources */,
				32D4A89B10F9285800A8FBAC /* amp_memory.c in Sources */,
				328709981147F69F00BC7B8F /* amp_raw_platform_common.c in Sources */,
				3298F05511594F0700A976F2 /* amp_raw_platform_sysctl.c in Sources */,
				32C86FDF119DD785007577DC /* amp_raw_barrier_generic_broadcast.c in Sources */,
				320950C211BD210C00A48677 /* amp_semaphore_common.c in Sources */,
				3209722911BDB08000A48677 /* amp_semaphore_libdispatch.c in Sources */,
				3222353711C14B4C004D25A0 /* amp_mutex_common.c in Sources */,
				3222357711C275EE004D25A0 /* amp_condition_variable_common.c in Sources */,
			);
			runOnlyForDeploymentPostprocessing = 0;
		};
		32C1883410A18D1D001852EE /* Sources */ = {
			isa = PBXSourcesBuildPhase;
			buildActionMask = 2147483647;
			files = (
				32C1883C10A18D83001852EE /* amp_condition_variable_pthreads.c in Sources */,
				32C1883D10A18D87001852EE /* amp_mutex_pthreads.c in Sources */,
				32C1883E10A18D8A001852EE /* amp_semaphore_libdispatch.c in Sources */,
				32C1883F10A18D90001852EE /* amp_raw_thread_local_slot_pthreads.c in Sources */,
				32C1884010A18D95001852EE /* amp_thread_pthreads.c in Sources */,
				3231EC9710BEE31200C61517 /* amp_thread_array.c in Sources */,
				3284370410F6724A0085BDBE /* amp_thread_common.c in Sources */,
				32D4A89710F927B100A8FBAC /* amp_memory.c in Sources */,
				328709991147F69F00BC7B8F /* amp_raw_platform_common.c in Sources */,
				328709B41147FAD600BC7B8F /* amp_raw_platform_sysctl.c in Sources */,
				32C86FDD119DD785007577DC /* amp_raw_barrier_generic_broadcast.c in Sources */,
				320950C311BD210C00A48677 /* amp_semaphore_common.c in Sources */,
				3222353911C14B4C004D25A0 /* amp_mutex_common.c in Sources */,
				3222357811C275EE004D25A0 /* amp_condition_variable_common.c in Sources */,
			);
			runOnlyForDeploymentPostprocessing = 0;
		};
/* End PBXSourcesBuildPhase section */

/* Begin PBXTargetDependency section */
		32A4A1711135491B00D29CD2 /* PBXTargetDependency */ = {
			isa = PBXTargetDependency;
			target = 32C186CE109F33FB001852EE /* amp_framework */;
			targetProxy = 32A4A1701135491B00D29CD2 /* PBXContainerItemProxy */;
		};
		32C186F3109F3F77001852EE /* PBXTargetDependency */ = {
			isa = PBXTargetDependency;
			target = 32C186CE109F33FB001852EE /* amp_framework */;
			targetProxy = 32C186F2109F3F77001852EE /* PBXContainerItemProxy */;
		};
/* End PBXTargetDependency section */

/* Begin XCBuildConfiguration section */
		1DEB928A08733DD80010E9CD /* Debug */ = {
			isa = XCBuildConfiguration;
			baseConfigurationReference = 32FB64991088B9AA00CA3E06 /* amp.xcconfig */;
			buildSettings = {
				ARCHS = "$(ARCHS_STANDARD_32_64_BIT)";
				GCC_C_LANGUAGE_STANDARD = gnu99;
				GCC_OPTIMIZATION_LEVEL = 0;
				GCC_WARN_ABOUT_RETURN_TYPE = YES;
				GCC_WARN_UNUSED_VARIABLE = YES;
				ONLY_ACTIVE_ARCH = YES;
				PREBINDING = NO;
				SDKROOT = macosx10.6;
			};
			name = Debug;
		};
		1DEB928B08733DD80010E9CD /* Release */ = {
			isa = XCBuildConfiguration;
			baseConfigurationReference = 32FB64991088B9AA00CA3E06 /* amp.xcconfig */;
			buildSettings = {
				ARCHS = "$(ARCHS_STANDARD_32_64_BIT)";
				GCC_C_LANGUAGE_STANDARD = gnu99;
				GCC_WARN_ABOUT_RETURN_TYPE = YES;
				GCC_WARN_UNUSED_VARIABLE = YES;
				PREBINDING = NO;
				SDKROOT = macosx10.6;
			};
			name = Release;
		};
		325928BD1058759500D5379D /* Debug */ = {
			isa = XCBuildConfiguration;
			baseConfigurationReference = 32FB64971088B95000CA3E06 /* amp_unit_tests.xcconfig */;
			buildSettings = {
				COPY_PHASE_STRIP = NO;
				GCC_DYNAMIC_NO_PIC = NO;
				GCC_ENABLE_FIX_AND_CONTINUE = YES;
				GCC_MODEL_TUNING = G5;
				GCC_OPTIMIZATION_LEVEL = 0;
				INSTALL_PATH = /usr/local/bin;
				PREBINDING = NO;
				PRODUCT_NAME = amp_unit_tests;
			};
			name = Debug;
		};
		325928BE1058759500D5379D /* Release */ = {
			isa = XCBuildConfiguration;
			baseConfigurationReference = 32FB64971088B95000CA3E06 /* amp_unit_tests.xcconfig */;
			buildSettings = {
				COPY_PHASE_STRIP = YES;
				DEBUG_INFORMATION_FORMAT = "dwarf-with-dsym";
				GCC_ENABLE_FIX_AND_CONTINUE = NO;
				GCC_MODEL_TUNING = G5;
				INSTALL_PATH = /usr/local/bin;
				PREBINDING = NO;
				PRODUCT_NAME = amp_unit_tests;
				ZERO_LINK = NO;
			};
			name = Release;
		};
		328DA0E510594F12003F0E1E /* Debug */ = {
			isa = XCBuildConfiguration;
			buildSettings = {
				COPY_PHASE_STRIP = NO;
				GCC_DYNAMIC_NO_PIC = NO;
				GCC_OPTIMIZATION_LEVEL = 0;
				PRODUCT_NAME = "Doxygen doc generation";
			};
			name = Debug;
		};
		328DA0E610594F12003F0E1E /* Release */ = {
			isa = XCBuildConfiguration;
			buildSettings = {
				COPY_PHASE_STRIP = YES;
				DEBUG_INFORMATION_FORMAT = "dwarf-with-dsym";
				GCC_ENABLE_FIX_AND_CONTINUE = NO;
				PRODUCT_NAME = "Doxygen doc generation";
				ZERO_LINK = NO;
			};
			name = Release;
		};
		32A4A16D113548DD00D29CD2 /* Debug */ = {
			isa = XCBuildConfiguration;
			baseConfigurationReference = 32A4A1651135487B00D29CD2 /* amp_platform_check.xcconfig */;
			buildSettings = {
				ALWAYS_SEARCH_USER_PATHS = NO;
				COPY_PHASE_STRIP = NO;
				GCC_DYNAMIC_NO_PIC = NO;
				GCC_ENABLE_FIX_AND_CONTINUE = YES;
				GCC_MODEL_TUNING = G5;
				GCC_OPTIMIZATION_LEVEL = 0;
				INSTALL_PATH = /usr/local/bin;
				PREBINDING = NO;
				PRODUCT_NAME = amp_platform_check;
			};
			name = Debug;
		};
		32A4A16E113548DD00D29CD2 /* Release */ = {
			isa = XCBuildConfiguration;
			baseConfigurationReference = 32A4A1651135487B00D29CD2 /* amp_platform_check.xcconfig */;
			buildSettings = {
				ALWAYS_SEARCH_USER_PATHS = NO;
				COPY_PHASE_STRIP = YES;
				DEBUG_INFORMATION_FORMAT = "dwarf-with-dsym";
				GCC_ENABLE_FIX_AND_CONTINUE = NO;
				GCC_MODEL_TUNING = G5;
				INSTALL_PATH = /usr/local/bin;
				PREBINDING = NO;
				PRODUCT_NAME = amp_platform_check;
				ZERO_LINK = NO;
			};
			name = Release;
		};
		32C186D1109F33FC001852EE /* Debug */ = {
			isa = XCBuildConfiguration;
			baseConfigurationReference = 32C186F0109F34C3001852EE /* amp_framework.xcconfig */;
			buildSettings = {
				COPY_PHASE_STRIP = NO;
				DYLIB_COMPATIBILITY_VERSION = 1;
				DYLIB_CURRENT_VERSION = 1;
				GCC_DYNAMIC_NO_PIC = NO;
				GCC_ENABLE_FIX_AND_CONTINUE = YES;
				GCC_MODEL_TUNING = G5;
				GCC_OPTIMIZATION_LEVEL = 0;
				OTHER_LDFLAGS = "";
			};
			name = Debug;
		};
		32C186D2109F33FC001852EE /* Release */ = {
			isa = XCBuildConfiguration;
			baseConfigurationReference = 32C186F0109F34C3001852EE /* amp_framework.xcconfig */;
			buildSettings = {
				COPY_PHASE_STRIP = YES;
				DEBUG_INFORMATION_FORMAT = "dwarf-with-dsym";
				DYLIB_COMPATIBILITY_VERSION = 1;
				DYLIB_CURRENT_VERSION = 1;
				GCC_ENABLE_FIX_AND_CONTINUE = NO;
				GCC_MODEL_TUNING = G5;
				OTHER_LDFLAGS = "";
				ZERO_LINK = NO;
			};
			name = Release;
		};
		32C1883810A18D1E001852EE /* Debug */ = {
			isa = XCBuildConfiguration;
			baseConfigurationReference = 32C1870B109F46DC001852EE /* amp_static_library.xcconfig */;
			buildSettings = {
				ALWAYS_SEARCH_USER_PATHS = NO;
				COPY_PHASE_STRIP = NO;
				GCC_DYNAMIC_NO_PIC = NO;
				GCC_ENABLE_FIX_AND_CONTINUE = YES;
				GCC_MODEL_TUNING = G5;
				GCC_OPTIMIZATION_LEVEL = 0;
				INSTALL_PATH = /usr/local/lib;
				PREBINDING = NO;
			};
			name = Debug;
		};
		32C1883910A18D1E001852EE /* Release */ = {
			isa = XCBuildConfiguration;
			baseConfigurationReference = 32C1870B109F46DC001852EE /* amp_static_library.xcconfig */;
			buildSettings = {
				ALWAYS_SEARCH_USER_PATHS = NO;
				COPY_PHASE_STRIP = YES;
				DEBUG_INFORMATION_FORMAT = "dwarf-with-dsym";
				GCC_ENABLE_FIX_AND_CONTINUE = NO;
				GCC_MODEL_TUNING = G5;
				INSTALL_PATH = /usr/local/lib;
				PREBINDING = NO;
				ZERO_LINK = NO;
			};
			name = Release;
		};
/* End XCBuildConfiguration section */

/* Begin XCConfigurationList section */
		1DEB928908733DD80010E9CD /* Build configuration list for PBXProject "amp" */ = {
			isa = XCConfigurationList;
			buildConfigurations = (
				1DEB928A08733DD80010E9CD /* Debug */,
				1DEB928B08733DD80010E9CD /* Release */,
			);
			defaultConfigurationIsVisible = 0;
			defaultConfigurationName = Release;
		};
		325928BF105875A600D5379D /* Build configuration list for PBXNativeTarget "amp_unit_tests" */ = {
			isa = XCConfigurationList;
			buildConfigurations = (
				325928BD1058759500D5379D /* Debug */,
				325928BE1058759500D5379D /* Release */,
			);
			defaultConfigurationIsVisible = 0;
			defaultConfigurationName = Release;
		};
		328DA0E710594F30003F0E1E /* Build configuration list for PBXAggregateTarget "Doxygen doc generation" */ = {
			isa = XCConfigurationList;
			buildConfigurations = (
				328DA0E510594F12003F0E1E /* Debug */,
				328DA0E610594F12003F0E1E /* Release */,
			);
			defaultConfigurationIsVisible = 0;
			defaultConfigurationName = Release;
		};
		32A4A16F1135491200D29CD2 /* Build configuration list for PBXNativeTarget "amp_platform_check" */ = {
			isa = XCConfigurationList;
			buildConfigurations = (
				32A4A16D113548DD00D29CD2 /* Debug */,
				32A4A16E113548DD00D29CD2 /* Release */,
			);
			defaultConfigurationIsVisible = 0;
			defaultConfigurationName = Release;
		};
		32C186D3109F33FD001852EE /* Build configuration list for PBXNativeTarget "amp_framework" */ = {
			isa = XCConfigurationList;
			buildConfigurations = (
				32C186D1109F33FC001852EE /* Debug */,
				32C186D2109F33FC001852EE /* Release */,
			);
			defaultConfigurationIsVisible = 0;
			defaultConfigurationName = Release;
		};
		32C1883A10A18D2C001852EE /* Build configuration list for PBXNativeTarget "amp_static_library" */ = {
			isa = XCConfigurationList;
			buildConfigurations = (
				32C1883810A18D1E001852EE /* Debug */,
				32C1883910A18D1E001852EE /* Release */,
			);
			defaultConfigurationIsVisible = 0;
			defaultConfigurationName = Release;
		};
/* End XCConfigurationList section */
	};
	rootObject = 08FB7793FE84155DC02AAC07 /* Project object */;
}
